
Microsoft Visual Studio Solution File, Format Version 12.00
# Visual Studio Version 17
VisualStudioVersion = 17.14.36408.4
MinimumVisualStudioVersion = 10.0.40219.1
Project("{FAE04EC0-301F-11D3-BF4B-00C04F79EFBC}") = "Heroes.Api", "Heroes.Api\Heroes.Api.csproj", "{7EE4A9A9-7327-1A8F-5151-0C7CBBA0A25D}"
EndProject
Project("{FAE04EC0-301F-11D3-BF4B-00C04F79EFBC}") = "Heroes.Application", "Heroes.Application\Heroes.Application.csproj", "{9AD5A953-F9C6-9F72-39A1-DD0440909F71}"
EndProject
Project("{FAE04EC0-301F-11D3-BF4B-00C04F79EFBC}") = "Heroes.Infrastructure", "Heroes.Infrastructure\Heroes.Infrastructure.csproj", "{9BC95F92-E5EB-EBD4-ACE1-5873FC68BA90}"
EndProject
Project("{FAE04EC0-301F-11D3-BF4B-00C04F79EFBC}") = "Heroes.Domain", "Heroes.Domain\Heroes.Domain.csproj", "{10ACA5D5-5E8F-4CCB-B2FA-95577FAB1924}"
EndProject
Global
	GlobalSection(SolutionConfigurationPlatforms) = preSolution
		Debug|Any CPU = Debug|Any CPU
		Release|Any CPU = Release|Any CPU
	EndGlobalSection
	GlobalSection(ProjectConfigurationPlatforms) = postSolution
		{7EE4A9A9-7327-1A8F-5151-0C7CBBA0A25D}.Debug|Any CPU.ActiveCfg = Debug|Any CPU
		{7EE4A9A9-7327-1A8F-5151-0C7CBBA0A25D}.Debug|Any CPU.Build.0 = Debug|Any CPU
		{7EE4A9A9-7327-1A8F-5151-0C7CBBA0A25D}.Release|Any CPU.ActiveCfg = Release|Any CPU
		{7EE4A9A9-7327-1A8F-5151-0C7CBBA0A25D}.Release|Any CPU.Build.0 = Release|Any CPU
		{9AD5A953-F9C6-9F72-39A1-DD0440909F71}.Debug|Any CPU.ActiveCfg = Debug|Any CPU
		{9AD5A953-F9C6-9F72-39A1-DD0440909F71}.Debug|Any CPU.Build.0 = Debug|Any CPU
		{9AD5A953-F9C6-9F72-39A1-DD0440909F71}.Release|Any CPU.ActiveCfg = Release|Any CPU
		{9AD5A953-F9C6-9F72-39A1-DD0440909F71}.Release|Any CPU.Build.0 = Release|Any CPU
		{9BC95F92-E5EB-EBD4-ACE1-5873FC68BA90}.Debug|Any CPU.ActiveCfg = Debug|Any CPU
		{9BC95F92-E5EB-EBD4-ACE1-5873FC68BA90}.Debug|Any CPU.Build.0 = Debug|Any CPU
		{9BC95F92-E5EB-EBD4-ACE1-5873FC68BA90}.Release|Any CPU.ActiveCfg = Release|Any CPU
		{9BC95F92-E5EB-EBD4-ACE1-5873FC68BA90}.Release|Any CPU.Build.0 = Release|Any CPU
		{10ACA5D5-5E8F-4CCB-B2FA-95577FAB1924}.Debug|Any CPU.ActiveCfg = Debug|Any CPU
		{10ACA5D5-5E8F-4CCB-B2FA-95577FAB1924}.Debug|Any CPU.Build.0 = Debug|Any CPU
		{10ACA5D5-5E8F-4CCB-B2FA-95577FAB1924}.Release|Any CPU.ActiveCfg = Release|Any CPU
		{10ACA5D5-5E8F-4CCB-B2FA-95577FAB1924}.Release|Any CPU.Build.0 = Release|Any CPU
	EndGlobalSection
	GlobalSection(SolutionProperties) = preSolution
		HideSolutionNode = FALSE
	EndGlobalSection
	GlobalSection(ExtensibilityGlobals) = postSolution
		SolutionGuid = {960A8893-216B-4093-BB1B-0E977350BFA3}
	EndGlobalSection
EndGlobal
